
Microsoft Visual Studio Solution File, Format Version 12.00
# Visual Studio 15
VisualStudioVersion = 15.0.27004.2006
MinimumVisualStudioVersion = 10.0.40219.1
Project("{2150E333-8FDC-42A3-9474-1A3956D46DE8}") = "Solution Items", "Solution Items", "{A5CE22FC-E764-4A0F-AC68-EE1ED5654A5E}"
	ProjectSection(SolutionItems) = preProject
		.editorconfig = .editorconfig
		LICENSE = LICENSE
		NuGet.Config = NuGet.Config
		Projects_Clear.cmd = Projects_Clear.cmd
		Projects_SuperClear.cmd = Projects_SuperClear.cmd
		README.md = README.md
		SharedAssemblyInfo.cs = SharedAssemblyInfo.cs
		Solution.ruleset = Solution.ruleset
	EndProjectSection
EndProject
Project("{9A19103F-16F7-4668-BE54-9A1E7A4F7556}") = "KdSoft.Quartz.Shared", "KdSoft.Quartz.Shared\KdSoft.Quartz.Shared.csproj", "{77E1BD5D-F7DB-4BCF-8EB2-96AFDF100CD1}"
EndProject
Project("{2150E333-8FDC-42A3-9474-1A3956D46DE8}") = "nuget", "nuget", "{5803F749-1BAD-4D2C-84E4-BD6B6AA57460}"
	ProjectSection(SolutionItems) = preProject
		artifacts\CollectPackages.cmd = artifacts\CollectPackages.cmd
	EndProjectSection
EndProject
Project("{9A19103F-16F7-4668-BE54-9A1E7A4F7556}") = "KdSoft.Quartz", "KdSoft.Quartz\KdSoft.Quartz.csproj", "{63E3AEB0-A091-4BF0-9D96-59214A8B0D4A}"
EndProject
Project("{9A19103F-16F7-4668-BE54-9A1E7A4F7556}") = "KdSoft.Quartz.Jobs", "KdSoft.Quartz.Jobs\KdSoft.Quartz.Jobs.csproj", "{4D7D44CD-B92B-4F06-99A9-9193734F1EFB}"
EndProject
Project("{9A19103F-16F7-4668-BE54-9A1E7A4F7556}") = "KdSoft.Quartz.AspNet", "KdSoft.Quartz.AspNet\KdSoft.Quartz.AspNet.csproj", "{2914864D-B57E-4140-B38D-1F7B9DE78D17}"
EndProject
Project("{9A19103F-16F7-4668-BE54-9A1E7A4F7556}") = "KdSoft.Quartz.WebServices", "KdSoft.Quartz.WebServices\KdSoft.Quartz.WebServices.csproj", "{2A97AC85-BFEA-4B36-B38D-014DA861F754}"
EndProject
Project("{9A19103F-16F7-4668-BE54-9A1E7A4F7556}") = "docfx", "docfx\docfx.csproj", "{6794472A-21E8-4B2B-9FE8-BDE7C47D05E1}"
	ProjectSection(ProjectDependencies) = postProject
		{2914864D-B57E-4140-B38D-1F7B9DE78D17} = {2914864D-B57E-4140-B38D-1F7B9DE78D17}
		{4D7D44CD-B92B-4F06-99A9-9193734F1EFB} = {4D7D44CD-B92B-4F06-99A9-9193734F1EFB}
	EndProjectSection
EndProject
Global
	GlobalSection(SolutionConfigurationPlatforms) = preSolution
		Debug|Any CPU = Debug|Any CPU
		Release|Any CPU = Release|Any CPU
	EndGlobalSection
	GlobalSection(ProjectConfigurationPlatforms) = postSolution
		{77E1BD5D-F7DB-4BCF-8EB2-96AFDF100CD1}.Debug|Any CPU.ActiveCfg = Debug|Any CPU
		{77E1BD5D-F7DB-4BCF-8EB2-96AFDF100CD1}.Debug|Any CPU.Build.0 = Debug|Any CPU
		{77E1BD5D-F7DB-4BCF-8EB2-96AFDF100CD1}.Release|Any CPU.ActiveCfg = Release|Any CPU
		{77E1BD5D-F7DB-4BCF-8EB2-96AFDF100CD1}.Release|Any CPU.Build.0 = Release|Any CPU
		{63E3AEB0-A091-4BF0-9D96-59214A8B0D4A}.Debug|Any CPU.ActiveCfg = Debug|Any CPU
		{63E3AEB0-A091-4BF0-9D96-59214A8B0D4A}.Debug|Any CPU.Build.0 = Debug|Any CPU
		{63E3AEB0-A091-4BF0-9D96-59214A8B0D4A}.Release|Any CPU.ActiveCfg = Release|Any CPU
		{63E3AEB0-A091-4BF0-9D96-59214A8B0D4A}.Release|Any CPU.Build.0 = Release|Any CPU
		{4D7D44CD-B92B-4F06-99A9-9193734F1EFB}.Debug|Any CPU.ActiveCfg = Debug|Any CPU
		{4D7D44CD-B92B-4F06-99A9-9193734F1EFB}.Debug|Any CPU.Build.0 = Debug|Any CPU
		{4D7D44CD-B92B-4F06-99A9-9193734F1EFB}.Release|Any CPU.ActiveCfg = Release|Any CPU
		{4D7D44CD-B92B-4F06-99A9-9193734F1EFB}.Release|Any CPU.Build.0 = Release|Any CPU
		{2914864D-B57E-4140-B38D-1F7B9DE78D17}.Debug|Any CPU.ActiveCfg = Debug|Any CPU
		{2914864D-B57E-4140-B38D-1F7B9DE78D17}.Debug|Any CPU.Build.0 = Debug|Any CPU
		{2914864D-B57E-4140-B38D-1F7B9DE78D17}.Release|Any CPU.ActiveCfg = Release|Any CPU
		{2914864D-B57E-4140-B38D-1F7B9DE78D17}.Release|Any CPU.Build.0 = Release|Any CPU
		{2A97AC85-BFEA-4B36-B38D-014DA861F754}.Debug|Any CPU.ActiveCfg = Debug|Any CPU
		{2A97AC85-BFEA-4B36-B38D-014DA861F754}.Debug|Any CPU.Build.0 = Debug|Any CPU
		{2A97AC85-BFEA-4B36-B38D-014DA861F754}.Release|Any CPU.ActiveCfg = Release|Any CPU
		{2A97AC85-BFEA-4B36-B38D-014DA861F754}.Release|Any CPU.Build.0 = Release|Any CPU
		{6794472A-21E8-4B2B-9FE8-BDE7C47D05E1}.Debug|Any CPU.ActiveCfg = Debug|Any CPU
		{6794472A-21E8-4B2B-9FE8-BDE7C47D05E1}.Release|Any CPU.ActiveCfg = Release|Any CPU
		{6794472A-21E8-4B2B-9FE8-BDE7C47D05E1}.Release|Any CPU.Build.0 = Release|Any CPU
	EndGlobalSection
	GlobalSection(SolutionProperties) = preSolution
		HideSolutionNode = FALSE
	EndGlobalSection
	GlobalSection(NestedProjects) = preSolution
		{5803F749-1BAD-4D2C-84E4-BD6B6AA57460} = {A5CE22FC-E764-4A0F-AC68-EE1ED5654A5E}
	EndGlobalSection
	GlobalSection(ExtensibilityGlobals) = postSolution
		SolutionGuid = {52DA24B3-6F2C-4B7A-8535-9E0E3DBE0646}
	EndGlobalSection
EndGlobal
